
Microsoft Visual Studio Solution File, Format Version 12.00
# Visual Studio Version 16
VisualStudioVersion = 16.0.30523.141
MinimumVisualStudioVersion = 10.0.40219.1
Project("{9A19103F-16F7-4668-BE54-9A1E7A4F7556}") = "EmployeeManagement.Models", "EmployeeManagement.Models\EmployeeManagement.Models.csproj", "{23CE0F04-0224-4E51-99A8-704530B36249}"
EndProject
Project("{9A19103F-16F7-4668-BE54-9A1E7A4F7556}") = "EmployeeManagement.Web", "EmployeeManagement.Web\EmployeeManagement.Web.csproj", "{361299EB-C939-4991-9C39-3FDB3A678E2D}"
EndProject
Project("{FAE04EC0-301F-11D3-BF4B-00C04F79EFBC}") = "EmployeeManagement.Api", "EmployeeManagement.Api\EmployeeManagement.Api.csproj", "{C4196A29-68ED-4210-9AAA-61751B6DF308}"
EndProject
Global
	GlobalSection(SolutionConfigurationPlatforms) = preSolution
		Debug|Any CPU = Debug|Any CPU
		Release|Any CPU = Release|Any CPU
	EndGlobalSection
	GlobalSection(ProjectConfigurationPlatforms) = postSolution
		{23CE0F04-0224-4E51-99A8-704530B36249}.Debug|Any CPU.ActiveCfg = Debug|Any CPU
		{23CE0F04-0224-4E51-99A8-704530B36249}.Debug|Any CPU.Build.0 = Debug|Any CPU
		{23CE0F04-0224-4E51-99A8-704530B36249}.Release|Any CPU.ActiveCfg = Release|Any CPU
		{23CE0F04-0224-4E51-99A8-704530B36249}.Release|Any CPU.Build.0 = Release|Any CPU
		{361299EB-C939-4991-9C39-3FDB3A678E2D}.Debug|Any CPU.ActiveCfg = Debug|Any CPU
		{361299EB-C939-4991-9C39-3FDB3A678E2D}.Debug|Any CPU.Build.0 = Debug|Any CPU
		{361299EB-C939-4991-9C39-3FDB3A678E2D}.Release|Any CPU.ActiveCfg = Release|Any CPU
		{361299EB-C939-4991-9C39-3FDB3A678E2D}.Release|Any CPU.Build.0 = Release|Any CPU
		{C4196A29-68ED-4210-9AAA-61751B6DF308}.Debug|Any CPU.ActiveCfg = Debug|Any CPU
		{C4196A29-68ED-4210-9AAA-61751B6DF308}.Debug|Any CPU.Build.0 = Debug|Any CPU
		{C4196A29-68ED-4210-9AAA-61751B6DF308}.Release|Any CPU.ActiveCfg = Release|Any CPU
		{C4196A29-68ED-4210-9AAA-61751B6DF308}.Release|Any CPU.Build.0 = Release|Any CPU
	EndGlobalSection
	GlobalSection(SolutionProperties) = preSolution
		HideSolutionNode = FALSE
	EndGlobalSection
	GlobalSection(ExtensibilityGlobals) = postSolution
		SolutionGuid = {28A4E247-2AD2-4DE2-82EC-C336D40ECE4C}
	EndGlobalSection
EndGlobal
